
Microsoft Visual Studio Solution File, Format Version 12.00
# Visual Studio Version 16
VisualStudioVersion = 16.0.30503.244
MinimumVisualStudioVersion = 10.0.40219.1
Project("{8BC9CEB8-8B4A-11D0-8D11-00A0C91BC942}") = "GameLib", "GameLib\GameLib.vcxproj", "{82ADF7ED-292B-4F5B-A3A7-322A509A9408}"
EndProject
Project("{54435603-DBB4-11D2-8724-00A0C9A8B90C}") = "Gamelib_setup", "Gamelib_setup\Gamelib_setup.vdproj", "{D427BE1D-8715-4062-8786-27F65F17D7F4}"
EndProject
Global
	GlobalSection(SolutionConfigurationPlatforms) = preSolution
		Debug|x64 = Debug|x64
		Debug|x86 = Debug|x86
		Release|x64 = Release|x64
		Release|x86 = Release|x86
	EndGlobalSection
	GlobalSection(ProjectConfigurationPlatforms) = postSolution
		{82ADF7ED-292B-4F5B-A3A7-322A509A9408}.Debug|x64.ActiveCfg = Debug|x64
		{82ADF7ED-292B-4F5B-A3A7-322A509A9408}.Debug|x64.Build.0 = Debug|x64
		{82ADF7ED-292B-4F5B-A3A7-322A509A9408}.Debug|x86.ActiveCfg = Debug|Win32
		{82ADF7ED-292B-4F5B-A3A7-322A509A9408}.Debug|x86.Build.0 = Debug|Win32
		{82ADF7ED-292B-4F5B-A3A7-322A509A9408}.Release|x64.ActiveCfg = Release|x64
		{82ADF7ED-292B-4F5B-A3A7-322A509A9408}.Release|x64.Build.0 = Release|x64
		{82ADF7ED-292B-4F5B-A3A7-322A509A9408}.Release|x86.ActiveCfg = Release|Win32
		{82ADF7ED-292B-4F5B-A3A7-322A509A9408}.Release|x86.Build.0 = Release|Win32
		{D427BE1D-8715-4062-8786-27F65F17D7F4}.Debug|x64.ActiveCfg = Debug
		{D427BE1D-8715-4062-8786-27F65F17D7F4}.Debug|x64.Build.0 = Debug
		{D427BE1D-8715-4062-8786-27F65F17D7F4}.Debug|x86.ActiveCfg = Debug
		{D427BE1D-8715-4062-8786-27F65F17D7F4}.Debug|x86.Build.0 = Debug
		{D427BE1D-8715-4062-8786-27F65F17D7F4}.Release|x64.ActiveCfg = Release
		{D427BE1D-8715-4062-8786-27F65F17D7F4}.Release|x64.Build.0 = Release
		{D427BE1D-8715-4062-8786-27F65F17D7F4}.Release|x86.ActiveCfg = Release
		{D427BE1D-8715-4062-8786-27F65F17D7F4}.Release|x86.Build.0 = Release
	EndGlobalSection
	GlobalSection(SolutionProperties) = preSolution
		HideSolutionNode = FALSE
	EndGlobalSection
	GlobalSection(ExtensibilityGlobals) = postSolution
		SolutionGuid = {86D0EEE9-6AE8-4D74-BD4F-88A90F39D59D}
	EndGlobalSection
EndGlobal
