<?xml version="1.0" encoding="utf-8"?>
<Project ToolsVersion="4.0" xmlns="http://schemas.microsoft.com/developer/msbuild/2003">
  <ItemGroup>
    <Filter Include="Source Files">
      <UniqueIdentifier>{4FC737F1-C7A5-4376-A066-2A32D752A2FF}</UniqueIdentifier>
      <Extensions>cpp;c;cc;cxx;c++;cppm;ixx;def;odl;idl;hpj;bat;asm;asmx</Extensions>
    </Filter>
    <Filter Include="Header Files">
      <UniqueIdentifier>{93995380-89BD-4b04-88EB-625FBE52EBFB}</UniqueIdentifier>
      <Extensions>h;hh;hpp;hxx;h++;hm;inl;inc;ipp;xsd</Extensions>
    </Filter>
    <Filter Include="Resource Files">
      <UniqueIdentifier>{67DA6AB6-F800-4c08-8B7A-83BB121AAD01}</UniqueIdentifier>
      <Extensions>rc;ico;cur;bmp;dlg;rc2;rct;bin;rgs;gif;jpg;jpeg;jpe;resx;tiff;tif;png;wav;mfcribbon-ms</Extensions>
    </Filter>
  </ItemGroup>
  <ItemGroup>
    <ClCompile Include="Application.cpp">
      <Filter>Source Files</Filter>
    </ClCompile>
    <ClCompile Include="Classes\Flappy\Flappy.cpp">
      <Filter>Source Files</Filter>
    </ClCompile>
    <ClCompile Include="Classes\Hangman\Hang.cpp">
      <Filter>Source Files</Filter>
    </ClCompile>
    <ClCompile Include="Classes\Initialize\Initialize.cpp">
      <Filter>Source Files</Filter>
    </ClCompile>
    <ClCompile Include="Classes\Menu\Menu.cpp">
      <Filter>Source Files</Filter>
    </ClCompile>
    <ClCompile Include="Classes\Object\Object.cpp">
      <Filter>Source Files</Filter>
    </ClCompile>
    <ClCompile Include="Classes\Pong\Pong.cpp">
      <Filter>Source Files</Filter>
    </ClCompile>
    <ClCompile Include="Classes\Snake\Snake.cpp">
      <Filter>Source Files</Filter>
    </ClCompile>
    <ClCompile Include="Classes\Tic\Tic.cpp">
      <Filter>Source Files</Filter>
    </ClCompile>
    <ClCompile Include="Classes\Tic\TicBoard.cpp">
      <Filter>Source Files</Filter>
    </ClCompile>
    <ClCompile Include="Classes\User\User.cpp">
      <Filter>Source Files</Filter>
    </ClCompile>
  </ItemGroup>
  <ItemGroup>
    <ClInclude Include="Classes\Flappy\Flappy.h">
      <Filter>Header Files</Filter>
    </ClInclude>
    <ClInclude Include="Classes\Hangman\Hang.h">
      <Filter>Header Files</Filter>
    </ClInclude>
    <ClInclude Include="Classes\Initialize\Initialize.h">
      <Filter>Header Files</Filter>
    </ClInclude>
    <ClInclude Include="Classes\Menu\Menu.h">
      <Filter>Header Files</Filter>
    </ClInclude>
    <ClInclude Include="Classes\Object\Object.h">
      <Filter>Header Files</Filter>
    </ClInclude>
    <ClInclude Include="Classes\Pong\Ball.h">
      <Filter>Header Files</Filter>
    </ClInclude>
    <ClInclude Include="Classes\Pong\Paddle.h">
      <Filter>Header Files</Filter>
    </ClInclude>
    <ClInclude Include="Classes\Pong\Pong.h">
      <Filter>Header Files</Filter>
    </ClInclude>
    <ClInclude Include="Classes\Snake\Snake.h">
      <Filter>Header Files</Filter>
    </ClInclude>
    <ClInclude Include="Classes\Tic\Tic.h">
      <Filter>Header Files</Filter>
    </ClInclude>
    <ClInclude Include="Classes\Tic\TicBoard.h">
      <Filter>Header Files</Filter>
    </ClInclude>
    <ClInclude Include="Classes\User\User.h">
      <Filter>Header Files</Filter>
    </ClInclude>
    <ClInclude Include="resource.h">
      <Filter>Header Files</Filter>
    </ClInclude>
  </ItemGroup>
  <ItemGroup>
    <Image Include="Resources\Assets\Flappy\flappy.png">
      <Filter>Resource Files</Filter>
    </Image>
    <Image Include="Resources\Assets\GameImage\Controller.png">
      <Filter>Resource Files</Filter>
    </Image>
    <Image Include="Resources\Assets\GameImage\Exit.png">
      <Filter>Resource Files</Filter>
    </Image>
    <Image Include="Resources\Assets\GameImage\HangMan.png">
      <Filter>Resource Files</Filter>
    </Image>
    <Image Include="Resources\Assets\GameImage\Pong.png">
      <Filter>Resource Files</Filter>
    </Image>
    <Image Include="Resources\Assets\GameImage\Simon.png">
      <Filter>Resource Files</Filter>
    </Image>
    <Image Include="Resources\Assets\GameImage\Snake.png">
      <Filter>Resource Files</Filter>
    </Image>
    <Image Include="Resources\Assets\GameImage\Tic.png">
      <Filter>Resource Files</Filter>
    </Image>
    <Image Include="Resources\Assets\GameImage\Volume.png">
      <Filter>Resource Files</Filter>
    </Image>
    <Image Include="Resources\Assets\Hangman\Anim.png">
      <Filter>Resource Files</Filter>
    </Image>
    <Image Include="Resources\Assets\Pong\ball.png">
      <Filter>Resource Files</Filter>
    </Image>
    <Image Include="Resources\Assets\Pong\paddle.png">
      <Filter>Resource Files</Filter>
    </Image>
    <Image Include="Resources\Assets\Pong\pong.png">
      <Filter>Resource Files</Filter>
    </Image>
    <Image Include="Resources\Assets\Snake\fruit.png">
      <Filter>Resource Files</Filter>
    </Image>
    <Image Include="Resources\Assets\Snake\head.png">
      <Filter>Resource Files</Filter>
    </Image>
    <Image Include="Resources\Assets\Snake\snake.png">
      <Filter>Resource Files</Filter>
    </Image>
    <Image Include="Resources\Assets\Tic\tic.png">
      <Filter>Resource Files</Filter>
    </Image>
    <Image Include="Resources\Assets\GameImage\Flappy.png">
      <Filter>Resource Files</Filter>
    </Image>
    <Image Include="Controller.ico">
      <Filter>Resource Files</Filter>
    </Image>
  </ItemGroup>
  <ItemGroup>
    <None Include="Resources\Fonts\Chopsic\misc\FSLA_NonCommercial_License-4726.html" />
    <None Include="Resources\Assets\Hangman\anim.ai" />
    <None Include="Resources\Assets\Hangman\anim2.ai" />
  </ItemGroup>
  <ItemGroup>
    <Text Include="Resources\Assets\Hangman\hangwords.txt" />
    <Text Include="Resources\Fonts\Mono\Bitstream Vera License.txt" />
  </ItemGroup>
  <ItemGroup>
    <Media Include="Resources\Audio\Bgm.wav">
      <Filter>Resource Files</Filter>
    </Media>
    <Media Include="Resources\Audio\Click.wav">
      <Filter>Resource Files</Filter>
    </Media>
    <Media Include="Resources\Audio\Collide.wav">
      <Filter>Resource Files</Filter>
    </Media>
    <Media Include="Resources\Audio\Error.wav">
      <Filter>Resource Files</Filter>
    </Media>
    <Media Include="Resources\Audio\gulp.wav">
      <Filter>Resource Files</Filter>
    </Media>
    <Media Include="Resources\Audio\HangBgm.wav">
      <Filter>Resource Files</Filter>
    </Media>
    <Media Include="Resources\Audio\Lose.wav">
      <Filter>Resource Files</Filter>
    </Media>
    <Media Include="Resources\Audio\Scream.wav">
      <Filter>Resource Files</Filter>
    </Media>
    <Media Include="Resources\Audio\Scream2.wav">
      <Filter>Resource Files</Filter>
    </Media>
    <Media Include="Resources\Audio\Scream3.wav">
      <Filter>Resource Files</Filter>
    </Media>
    <Media Include="Resources\Audio\Stapler.wav">
      <Filter>Resource Files</Filter>
    </Media>
    <Media Include="Resources\Audio\Start.wav">
      <Filter>Resource Files</Filter>
    </Media>
    <Media Include="Resources\Audio\Thanks.wav">
      <Filter>Resource Files</Filter>
    </Media>
    <Media Include="Resources\Audio\Win.wav">
      <Filter>Resource Files</Filter>
    </Media>
  </ItemGroup>
  <ItemGroup>
    <Font Include="Resources\Fonts\Chopsic\Chopsic-K6Dp.ttf" />
    <Font Include="Resources\Fonts\Mono\VeraMono-Bold.ttf" />
    <Font Include="Resources\Fonts\Mono\VeraMono.ttf" />
    <Font Include="Resources\Fonts\Mono\VeraMono-Bold-Italic.ttf" />
    <Font Include="Resources\Fonts\Mono\VeraMono-Italic.ttf" />
    <Font Include="Resources\Fonts\Montserrat\MontserratLight-ywBvq.ttf" />
    <Font Include="Resources\Fonts\Montserrat\MontserratLightItalic-axBzx.ttf" />
  </ItemGroup>
  <ItemGroup>
    <ResourceCompile Include="GameLib.rc">
      <Filter>Resource Files</Filter>
    </ResourceCompile>
  </ItemGroup>
</Project>